// !$*UTF8*$!
{
	archiveVersion = 1;
	classes = {
	};
	objectVersion = 50;
	objects = {

/* Begin PBXBuildFile section */
		BA363C2A247D7E7300B2B406 /* AppDelegate.swift in Sources */ = {isa = PBXBuildFile; fileRef = BA363C29247D7E7300B2B406 /* AppDelegate.swift */; };
		BA363C2C247D7E7300B2B406 /* SceneDelegate.swift in Sources */ = {isa = PBXBuildFile; fileRef = BA363C2B247D7E7300B2B406 /* SceneDelegate.swift */; };
		BA363C2E247D7E7300B2B406 /* GoalsVC.swift in Sources */ = {isa = PBXBuildFile; fileRef = BA363C2D247D7E7300B2B406 /* GoalsVC.swift */; };
		BA363C31247D7E7300B2B406 /* Main.storyboard in Resources */ = {isa = PBXBuildFile; fileRef = BA363C2F247D7E7300B2B406 /* Main.storyboard */; };
		BA363C34247D7E7300B2B406 /* GoalPostApp.xcdatamodeld in Sources */ = {isa = PBXBuildFile; fileRef = BA363C32247D7E7300B2B406 /* GoalPostApp.xcdatamodeld */; };
		BA363C36247D7E7400B2B406 /* Assets.xcassets in Resources */ = {isa = PBXBuildFile; fileRef = BA363C35247D7E7400B2B406 /* Assets.xcassets */; };
		BA363C39247D7E7400B2B406 /* LaunchScreen.storyboard in Resources */ = {isa = PBXBuildFile; fileRef = BA363C37247D7E7400B2B406 /* LaunchScreen.storyboard */; };
		BA363C45247DBA9900B2B406 /* GoalCell.swift in Sources */ = {isa = PBXBuildFile; fileRef = BA363C44247DBA9900B2B406 /* GoalCell.swift */; };
		BA363C47247DDFAB00B2B406 /* goalType.swift in Sources */ = {isa = PBXBuildFile; fileRef = BA363C46247DDFAB00B2B406 /* goalType.swift */; };
		BA363C49247DE61900B2B406 /* CreateGoalVC.swift in Sources */ = {isa = PBXBuildFile; fileRef = BA363C48247DE61900B2B406 /* CreateGoalVC.swift */; };
		BA7955012480247A000FC94D /* UIViewControllerExt.swift in Sources */ = {isa = PBXBuildFile; fileRef = BA7955002480247A000FC94D /* UIViewControllerExt.swift */; };
		BA79550324804554000FC94D /* UIViewExt.swift in Sources */ = {isa = PBXBuildFile; fileRef = BA79550224804554000FC94D /* UIViewExt.swift */; };
		BA79550524804A65000FC94D /* UIButtonExt.swift in Sources */ = {isa = PBXBuildFile; fileRef = BA79550424804A65000FC94D /* UIButtonExt.swift */; };
		BA7955072481A717000FC94D /* FinishGoalVC.swift in Sources */ = {isa = PBXBuildFile; fileRef = BA7955062481A717000FC94D /* FinishGoalVC.swift */; };
/* End PBXBuildFile section */

/* Begin PBXFileReference section */
		BA363C26247D7E7300B2B406 /* GoalPostApp.app */ = {isa = PBXFileReference; explicitFileType = wrapper.application; includeInIndex = 0; path = GoalPostApp.app; sourceTree = BUILT_PRODUCTS_DIR; };
		BA363C29247D7E7300B2B406 /* AppDelegate.swift */ = {isa = PBXFileReference; lastKnownFileType = sourcecode.swift; path = AppDelegate.swift; sourceTree = "<group>"; };
		BA363C2B247D7E7300B2B406 /* SceneDelegate.swift */ = {isa = PBXFileReference; lastKnownFileType = sourcecode.swift; path = SceneDelegate.swift; sourceTree = "<group>"; };
		BA363C2D247D7E7300B2B406 /* GoalsVC.swift */ = {isa = PBXFileReference; lastKnownFileType = sourcecode.swift; path = GoalsVC.swift; sourceTree = "<group>"; };
		BA363C30247D7E7300B2B406 /* Base */ = {isa = PBXFileReference; lastKnownFileType = file.storyboard; name = Base; path = Base.lproj/Main.storyboard; sourceTree = "<group>"; };
		BA363C33247D7E7300B2B406 /* GoalPostApp.xcdatamodel */ = {isa = PBXFileReference; lastKnownFileType = wrapper.xcdatamodel; path = GoalPostApp.xcdatamodel; sourceTree = "<group>"; };
		BA363C35247D7E7400B2B406 /* Assets.xcassets */ = {isa = PBXFileReference; lastKnownFileType = folder.assetcatalog; path = Assets.xcassets; sourceTree = "<group>"; };
		BA363C38247D7E7400B2B406 /* Base */ = {isa = PBXFileReference; lastKnownFileType = file.storyboard; name = Base; path = Base.lproj/LaunchScreen.storyboard; sourceTree = "<group>"; };
		BA363C3A247D7E7400B2B406 /* Info.plist */ = {isa = PBXFileReference; lastKnownFileType = text.plist.xml; path = Info.plist; sourceTree = "<group>"; };
		BA363C44247DBA9900B2B406 /* GoalCell.swift */ = {isa = PBXFileReference; lastKnownFileType = sourcecode.swift; path = GoalCell.swift; sourceTree = "<group>"; };
		BA363C46247DDFAB00B2B406 /* goalType.swift */ = {isa = PBXFileReference; lastKnownFileType = sourcecode.swift; path = goalType.swift; sourceTree = "<group>"; };
		BA363C48247DE61900B2B406 /* CreateGoalVC.swift */ = {isa = PBXFileReference; lastKnownFileType = sourcecode.swift; path = CreateGoalVC.swift; sourceTree = "<group>"; };
		BA7955002480247A000FC94D /* UIViewControllerExt.swift */ = {isa = PBXFileReference; lastKnownFileType = sourcecode.swift; path = UIViewControllerExt.swift; sourceTree = "<group>"; };
		BA79550224804554000FC94D /* UIViewExt.swift */ = {isa = PBXFileReference; lastKnownFileType = sourcecode.swift; path = UIViewExt.swift; sourceTree = "<group>"; };
		BA79550424804A65000FC94D /* UIButtonExt.swift */ = {isa = PBXFileReference; lastKnownFileType = sourcecode.swift; path = UIButtonExt.swift; sourceTree = "<group>"; };
		BA7955062481A717000FC94D /* FinishGoalVC.swift */ = {isa = PBXFileReference; lastKnownFileType = sourcecode.swift; path = FinishGoalVC.swift; sourceTree = "<group>"; };
/* End PBXFileReference section */

/* Begin PBXFrameworksBuildPhase section */
		BA363C23247D7E7300B2B406 /* Frameworks */ = {
			isa = PBXFrameworksBuildPhase;
			buildActionMask = 2147483647;
			files = (
			);
			runOnlyForDeploymentPostprocessing = 0;
		};
/* End PBXFrameworksBuildPhase section */

/* Begin PBXGroup section */
		BA363C1D247D7E7300B2B406 = {
			isa = PBXGroup;
			children = (
				BA363C28247D7E7300B2B406 /* GoalPostApp */,
				BA363C27247D7E7300B2B406 /* Products */,
			);
			sourceTree = "<group>";
		};
		BA363C27247D7E7300B2B406 /* Products */ = {
			isa = PBXGroup;
			children = (
				BA363C26247D7E7300B2B406 /* GoalPostApp.app */,
			);
			name = Products;
			sourceTree = "<group>";
		};
		BA363C28247D7E7300B2B406 /* GoalPostApp */ = {
			isa = PBXGroup;
			children = (
				BA363C43247D7E8C00B2B406 /* Extensions */,
				BA363C42247D7E8700B2B406 /* Enums */,
				BA363C41247D7E8200B2B406 /* View */,
				BA363C40247D7E7C00B2B406 /* Controller */,
				BA363C29247D7E7300B2B406 /* AppDelegate.swift */,
				BA363C2B247D7E7300B2B406 /* SceneDelegate.swift */,
				BA363C2F247D7E7300B2B406 /* Main.storyboard */,
				BA363C35247D7E7400B2B406 /* Assets.xcassets */,
				BA363C37247D7E7400B2B406 /* LaunchScreen.storyboard */,
				BA363C3A247D7E7400B2B406 /* Info.plist */,
				BA363C32247D7E7300B2B406 /* GoalPostApp.xcdatamodeld */,
			);
			path = GoalPostApp;
			sourceTree = "<group>";
		};
		BA363C40247D7E7C00B2B406 /* Controller */ = {
			isa = PBXGroup;
			children = (
				BA363C2D247D7E7300B2B406 /* GoalsVC.swift */,
				BA363C48247DE61900B2B406 /* CreateGoalVC.swift */,
				BA7955062481A717000FC94D /* FinishGoalVC.swift */,
			);
			path = Controller;
			sourceTree = "<group>";
		};
		BA363C41247D7E8200B2B406 /* View */ = {
			isa = PBXGroup;
			children = (
				BA363C44247DBA9900B2B406 /* GoalCell.swift */,
			);
			path = View;
			sourceTree = "<group>";
		};
		BA363C42247D7E8700B2B406 /* Enums */ = {
			isa = PBXGroup;
			children = (
				BA363C46247DDFAB00B2B406 /* goalType.swift */,
			);
			path = Enums;
			sourceTree = "<group>";
		};
		BA363C43247D7E8C00B2B406 /* Extensions */ = {
			isa = PBXGroup;
			children = (
				BA7955002480247A000FC94D /* UIViewControllerExt.swift */,
				BA79550224804554000FC94D /* UIViewExt.swift */,
				BA79550424804A65000FC94D /* UIButtonExt.swift */,
			);
			path = Extensions;
			sourceTree = "<group>";
		};
/* End PBXGroup section */

/* Begin PBXNativeTarget section */
		BA363C25247D7E7300B2B406 /* GoalPostApp */ = {
			isa = PBXNativeTarget;
			buildConfigurationList = BA363C3D247D7E7400B2B406 /* Build configuration list for PBXNativeTarget "GoalPostApp" */;
			buildPhases = (
				BA363C22247D7E7300B2B406 /* Sources */,
				BA363C23247D7E7300B2B406 /* Frameworks */,
				BA363C24247D7E7300B2B406 /* Resources */,
			);
			buildRules = (
			);
			dependencies = (
			);
			name = GoalPostApp;
			productName = GoalPostApp;
			productReference = BA363C26247D7E7300B2B406 /* GoalPostApp.app */;
			productType = "com.apple.product-type.application";
		};
/* End PBXNativeTarget section */

/* Begin PBXProject section */
		BA363C1E247D7E7300B2B406 /* Project object */ = {
			isa = PBXProject;
			attributes = {
				LastSwiftUpdateCheck = 1130;
				LastUpgradeCheck = 1130;
				ORGANIZATIONNAME = "Stephan Ng";
				TargetAttributes = {
					BA363C25247D7E7300B2B406 = {
						CreatedOnToolsVersion = 11.3.1;
					};
				};
			};
			buildConfigurationList = BA363C21247D7E7300B2B406 /* Build configuration list for PBXProject "GoalPostApp" */;
			compatibilityVersion = "Xcode 9.3";
			developmentRegion = en;
			hasScannedForEncodings = 0;
			knownRegions = (
				en,
				Base,
			);
			mainGroup = BA363C1D247D7E7300B2B406;
			productRefGroup = BA363C27247D7E7300B2B406 /* Products */;
			projectDirPath = "";
			projectRoot = "";
			targets = (
				BA363C25247D7E7300B2B406 /* GoalPostApp */,
			);
		};
/* End PBXProject section */

/* Begin PBXResourcesBuildPhase section */
		BA363C24247D7E7300B2B406 /* Resources */ = {
			isa = PBXResourcesBuildPhase;
			buildActionMask = 2147483647;
			files = (
				BA363C39247D7E7400B2B406 /* LaunchScreen.storyboard in Resources */,
				BA363C36247D7E7400B2B406 /* Assets.xcassets in Resources */,
				BA363C31247D7E7300B2B406 /* Main.storyboard in Resources */,
			);
			runOnlyForDeploymentPostprocessing = 0;
		};
/* End PBXResourcesBuildPhase section */

/* Begin PBXSourcesBuildPhase section */
		BA363C22247D7E7300B2B406 /* Sources */ = {
			isa = PBXSourcesBuildPhase;
			buildActionMask = 2147483647;
			files = (
				BA79550324804554000FC94D /* UIViewExt.swift in Sources */,
				BA79550524804A65000FC94D /* UIButtonExt.swift in Sources */,
				BA363C2E247D7E7300B2B406 /* GoalsVC.swift in Sources */,
				BA363C2A247D7E7300B2B406 /* AppDelegate.swift in Sources */,
				BA7955012480247A000FC94D /* UIViewControllerExt.swift in Sources */,
				BA7955072481A717000FC94D /* FinishGoalVC.swift in Sources */,
				BA363C34247D7E7300B2B406 /* GoalPostApp.xcdatamodeld in Sources */,
				BA363C45247DBA9900B2B406 /* GoalCell.swift in Sources */,
				BA363C49247DE61900B2B406 /* CreateGoalVC.swift in Sources */,
				BA363C47247DDFAB00B2B406 /* goalType.swift in Sources */,
				BA363C2C247D7E7300B2B406 /* SceneDelegate.swift in Sources */,
			);
			runOnlyForDeploymentPostprocessing = 0;
		};
/* End PBXSourcesBuildPhase section */

/* Begin PBXVariantGroup section */
		BA363C2F247D7E7300B2B406 /* Main.storyboard */ = {
			isa = PBXVariantGroup;
			children = (
				BA363C30247D7E7300B2B406 /* Base */,
			);
			name = Main.storyboard;
			sourceTree = "<group>";
		};
		BA363C37247D7E7400B2B406 /* LaunchScreen.storyboard */ = {
			isa = PBXVariantGroup;
			children = (
				BA363C38247D7E7400B2B406 /* Base */,
			);
			name = LaunchScreen.storyboard;
			sourceTree = "<group>";
		};
/* End PBXVariantGroup section */

/* Begin XCBuildConfiguration section */
		BA363C3B247D7E7400B2B406 /* Debug */ = {
			isa = XCBuildConfiguration;
			buildSettings = {
				ALWAYS_SEARCH_USER_PATHS = NO;
				CLANG_ANALYZER_NONNULL = YES;
				CLANG_ANALYZER_NUMBER_OBJECT_CONVERSION = YES_AGGRESSIVE;
				CLANG_CXX_LANGUAGE_STANDARD = "gnu++14";
				CLANG_CXX_LIBRARY = "libc++";
				CLANG_ENABLE_MODULES = YES;
				CLANG_ENABLE_OBJC_ARC = YES;
				CLANG_ENABLE_OBJC_WEAK = YES;
				CLANG_WARN_BLOCK_CAPTURE_AUTORELEASING = YES;
				CLANG_WARN_BOOL_CONVERSION = YES;
				CLANG_WARN_COMMA = YES;
				CLANG_WARN_CONSTANT_CONVERSION = YES;
				CLANG_WARN_DEPRECATED_OBJC_IMPLEMENTATIONS = YES;
				CLANG_WARN_DIRECT_OBJC_ISA_USAGE = YES_ERROR;
				CLANG_WARN_DOCUMENTATION_COMMENTS = YES;
				CLANG_WARN_EMPTY_BODY = YES;
				CLANG_WARN_ENUM_CONVERSION = YES;
				CLANG_WARN_INFINITE_RECURSION = YES;
				CLANG_WARN_INT_CONVERSION = YES;
				CLANG_WARN_NON_LITERAL_NULL_CONVERSION = YES;
				CLANG_WARN_OBJC_IMPLICIT_RETAIN_SELF = YES;
				CLANG_WARN_OBJC_LITERAL_CONVERSION = YES;
				CLANG_WARN_OBJC_ROOT_CLASS = YES_ERROR;
				CLANG_WARN_RANGE_LOOP_ANALYSIS = YES;
				CLANG_WARN_STRICT_PROTOTYPES = YES;
				CLANG_WARN_SUSPICIOUS_MOVE = YES;
				CLANG_WARN_UNGUARDED_AVAILABILITY = YES_AGGRESSIVE;
				CLANG_WARN_UNREACHABLE_CODE = YES;
				CLANG_WARN__DUPLICATE_METHOD_MATCH = YES;
				COPY_PHASE_STRIP = NO;
				DEBUG_INFORMATION_FORMAT = dwarf;
				ENABLE_STRICT_OBJC_MSGSEND = YES;
				ENABLE_TESTABILITY = YES;
				GCC_C_LANGUAGE_STANDARD = gnu11;
				GCC_DYNAMIC_NO_PIC = NO;
				GCC_NO_COMMON_BLOCKS = YES;
				GCC_OPTIMIZATION_LEVEL = 0;
				GCC_PREPROCESSOR_DEFINITIONS = (
					"DEBUG=1",
					"$(inherited)",
				);
				GCC_WARN_64_TO_32_BIT_CONVERSION = YES;
				GCC_WARN_ABOUT_RETURN_TYPE = YES_ERROR;
				GCC_WARN_UNDECLARED_SELECTOR = YES;
				GCC_WARN_UNINITIALIZED_AUTOS = YES_AGGRESSIVE;
				GCC_WARN_UNUSED_FUNCTION = YES;
				GCC_WARN_UNUSED_VARIABLE = YES;
				IPHONEOS_DEPLOYMENT_TARGET = 13.2;
				MTL_ENABLE_DEBUG_INFO = INCLUDE_SOURCE;
				MTL_FAST_MATH = YES;
				ONLY_ACTIVE_ARCH = YES;
				SDKROOT = iphoneos;
				SWIFT_ACTIVE_COMPILATION_CONDITIONS = DEBUG;
				SWIFT_OPTIMIZATION_LEVEL = "-Onone";
			};
			name = Debug;
		};
		BA363C3C247D7E7400B2B406 /* Release */ = {
			isa = XCBuildConfiguration;
			buildSettings = {
				ALWAYS_SEARCH_USER_PATHS = NO;
				CLANG_ANALYZER_NONNULL = YES;
				CLANG_ANALYZER_NUMBER_OBJECT_CONVERSION = YES_AGGRESSIVE;
				CLANG_CXX_LANGUAGE_STANDARD = "gnu++14";
				CLANG_CXX_LIBRARY = "libc++";
				CLANG_ENABLE_MODULES = YES;
				CLANG_ENABLE_OBJC_ARC = YES;
				CLANG_ENABLE_OBJC_WEAK = YES;
				CLANG_WARN_BLOCK_CAPTURE_AUTORELEASING = YES;
				CLANG_WARN_BOOL_CONVERSION = YES;
				CLANG_WARN_COMMA = YES;
				CLANG_WARN_CONSTANT_CONVERSION = YES;
				CLANG_WARN_DEPRECATED_OBJC_IMPLEMENTATIONS = YES;
				CLANG_WARN_DIRECT_OBJC_ISA_USAGE = YES_ERROR;
				CLANG_WARN_DOCUMENTATION_COMMENTS = YES;
				CLANG_WARN_EMPTY_BODY = YES;
				CLANG_WARN_ENUM_CONVERSION = YES;
				CLANG_WARN_INFINITE_RECURSION = YES;
				CLANG_WARN_INT_CONVERSION = YES;
				CLANG_WARN_NON_LITERAL_NULL_CONVERSION = YES;
				CLANG_WARN_OBJC_IMPLICIT_RETAIN_SELF = YES;
				CLANG_WARN_OBJC_LITERAL_CONVERSION = YES;
				CLANG_WARN_OBJC_ROOT_CLASS = YES_ERROR;
				CLANG_WARN_RANGE_LOOP_ANALYSIS = YES;
				CLANG_WARN_STRICT_PROTOTYPES = YES;
				CLANG_WARN_SUSPICIOUS_MOVE = YES;
				CLANG_WARN_UNGUARDED_AVAILABILITY = YES_AGGRESSIVE;
				CLANG_WARN_UNREACHABLE_CODE = YES;
				CLANG_WARN__DUPLICATE_METHOD_MATCH = YES;
				COPY_PHASE_STRIP = NO;
				DEBUG_INFORMATION_FORMAT = "dwarf-with-dsym";
				ENABLE_NS_ASSERTIONS = NO;
				ENABLE_STRICT_OBJC_MSGSEND = YES;
				GCC_C_LANGUAGE_STANDARD = gnu11;
				GCC_NO_COMMON_BLOCKS = YES;
				GCC_WARN_64_TO_32_BIT_CONVERSION = YES;
				GCC_WARN_ABOUT_RETURN_TYPE = YES_ERROR;
				GCC_WARN_UNDECLARED_SELECTOR = YES;
				GCC_WARN_UNINITIALIZED_AUTOS = YES_AGGRESSIVE;
				GCC_WARN_UNUSED_FUNCTION = YES;
				GCC_WARN_UNUSED_VARIABLE = YES;
				IPHONEOS_DEPLOYMENT_TARGET = 13.2;
				MTL_ENABLE_DEBUG_INFO = NO;
				MTL_FAST_MATH = YES;
				SDKROOT = iphoneos;
				SWIFT_COMPILATION_MODE = wholemodule;
				SWIFT_OPTIMIZATION_LEVEL = "-O";
				VALIDATE_PRODUCT = YES;
			};
			name = Release;
		};
		BA363C3E247D7E7400B2B406 /* Debug */ = {
			isa = XCBuildConfiguration;
			buildSettings = {
				ASSETCATALOG_COMPILER_APPICON_NAME = AppIcon;
				CODE_SIGN_STYLE = Automatic;
				INFOPLIST_FILE = GoalPostApp/Info.plist;
				LD_RUNPATH_SEARCH_PATHS = (
					"$(inherited)",
					"@executable_path/Frameworks",
				);
				PRODUCT_BUNDLE_IDENTIFIER = "Stephan-Ng.GoalPostApp";
				PRODUCT_NAME = "$(TARGET_NAME)";
				SWIFT_VERSION = 5.0;
				TARGETED_DEVICE_FAMILY = "1,2";
			};
			name = Debug;
		};
		BA363C3F247D7E7400B2B406 /* Release */ = {
			isa = XCBuildConfiguration;
			buildSettings = {
				ASSETCATALOG_COMPILER_APPICON_NAME = AppIcon;
				CODE_SIGN_STYLE = Automatic;
				INFOPLIST_FILE = GoalPostApp/Info.plist;
				LD_RUNPATH_SEARCH_PATHS = (
					"$(inherited)",
					"@executable_path/Frameworks",
				);
				PRODUCT_BUNDLE_IDENTIFIER = "Stephan-Ng.GoalPostApp";
				PRODUCT_NAME = "$(TARGET_NAME)";
				SWIFT_VERSION = 5.0;
				TARGETED_DEVICE_FAMILY = "1,2";
			};
			name = Release;
		};
/* End XCBuildConfiguration section */

/* Begin XCConfigurationList section */
		BA363C21247D7E7300B2B406 /* Build configuration list for PBXProject "GoalPostApp" */ = {
			isa = XCConfigurationList;
			buildConfigurations = (
				BA363C3B247D7E7400B2B406 /* Debug */,
				BA363C3C247D7E7400B2B406 /* Release */,
			);
			defaultConfigurationIsVisible = 0;
			defaultConfigurationName = Release;
		};
		BA363C3D247D7E7400B2B406 /* Build configuration list for PBXNativeTarget "GoalPostApp" */ = {
			isa = XCConfigurationList;
			buildConfigurations = (
				BA363C3E247D7E7400B2B406 /* Debug */,
				BA363C3F247D7E7400B2B406 /* Release */,
			);
			defaultConfigurationIsVisible = 0;
			defaultConfigurationName = Release;
		};
/* End XCConfigurationList section */

/* Begin XCVersionGroup section */
		BA363C32247D7E7300B2B406 /* GoalPostApp.xcdatamodeld */ = {
			isa = XCVersionGroup;
			children = (
				BA363C33247D7E7300B2B406 /* GoalPostApp.xcdatamodel */,
			);
			currentVersion = BA363C33247D7E7300B2B406 /* GoalPostApp.xcdatamodel */;
			path = GoalPostApp.xcdatamodeld;
			sourceTree = "<group>";
			versionGroupType = wrapper.xcdatamodel;
		};
/* End XCVersionGroup section */
	};
	rootObject = BA363C1E247D7E7300B2B406 /* Project object */;
}
